// !$*UTF8*$!
{
	archiveVersion = 1;
	classes = {
	};
	objectVersion = 46;
	objects = {

/* Begin PBXBuildFile section */
		D2D086631E565B5100C41D71 /* AppDelegate.swift in Sources */ = {isa = PBXBuildFile; fileRef = D2D086621E565B5100C41D71 /* AppDelegate.swift */; };
		D2D086651E565B5100C41D71 /* ViewController.swift in Sources */ = {isa = PBXBuildFile; fileRef = D2D086641E565B5100C41D71 /* ViewController.swift */; };
		D2D086681E565B5100C41D71 /* Main.storyboard in Resources */ = {isa = PBXBuildFile; fileRef = D2D086661E565B5100C41D71 /* Main.storyboard */; };
		D2D0866A1E565B5100C41D71 /* Assets.xcassets in Resources */ = {isa = PBXBuildFile; fileRef = D2D086691E565B5100C41D71 /* Assets.xcassets */; };
		D2D0866D1E565B5100C41D71 /* LaunchScreen.storyboard in Resources */ = {isa = PBXBuildFile; fileRef = D2D0866B1E565B5100C41D71 /* LaunchScreen.storyboard */; };
		D2D086781E565B5100C41D71 /* HelloMetalTests.swift in Sources */ = {isa = PBXBuildFile; fileRef = D2D086771E565B5100C41D71 /* HelloMetalTests.swift */; };
		D2D086831E565B5100C41D71 /* HelloMetalUITests.swift in Sources */ = {isa = PBXBuildFile; fileRef = D2D086821E565B5100C41D71 /* HelloMetalUITests.swift */; };
		D2D086941E56605E00C41D71 /* Shaders.metal in Sources */ = {isa = PBXBuildFile; fileRef = D2D086931E56605E00C41D71 /* Shaders.metal */; };
		D2D086981E56666A00C41D71 /* Matrix4.m in Sources */ = {isa = PBXBuildFile; fileRef = D2D086971E56666A00C41D71 /* Matrix4.m */; };
		D2D0869A1E5666B100C41D71 /* Vertex.swift in Sources */ = {isa = PBXBuildFile; fileRef = D2D086991E5666B100C41D71 /* Vertex.swift */; };
		D2D0869C1E5666C700C41D71 /* Node.swift in Sources */ = {isa = PBXBuildFile; fileRef = D2D0869B1E5666C700C41D71 /* Node.swift */; };
		D2D0869E1E5667D600C41D71 /* Triangle.swift in Sources */ = {isa = PBXBuildFile; fileRef = D2D0869D1E5667D600C41D71 /* Triangle.swift */; };
		D2D086A01E566A4700C41D71 /* Cube.swift in Sources */ = {isa = PBXBuildFile; fileRef = D2D0869F1E566A4700C41D71 /* Cube.swift */; };
		D2D086A21E56722700C41D71 /* AnimatedNode.swift in Sources */ = {isa = PBXBuildFile; fileRef = D2D086A11E56722700C41D71 /* AnimatedNode.swift */; };
/* End PBXBuildFile section */

/* Begin PBXContainerItemProxy section */
		D2D086741E565B5100C41D71 /* PBXContainerItemProxy */ = {
			isa = PBXContainerItemProxy;
			containerPortal = D2D086571E565B5100C41D71 /* Project object */;
			proxyType = 1;
			remoteGlobalIDString = D2D0865E1E565B5100C41D71;
			remoteInfo = HelloMetal;
		};
		D2D0867F1E565B5100C41D71 /* PBXContainerItemProxy */ = {
			isa = PBXContainerItemProxy;
			containerPortal = D2D086571E565B5100C41D71 /* Project object */;
			proxyType = 1;
			remoteGlobalIDString = D2D0865E1E565B5100C41D71;
			remoteInfo = HelloMetal;
		};
/* End PBXContainerItemProxy section */

/* Begin PBXFileReference section */
		D2D0865F1E565B5100C41D71 /* HelloMetal.app */ = {isa = PBXFileReference; explicitFileType = wrapper.application; includeInIndex = 0; path = HelloMetal.app; sourceTree = BUILT_PRODUCTS_DIR; };
		D2D086621E565B5100C41D71 /* AppDelegate.swift */ = {isa = PBXFileReference; lastKnownFileType = sourcecode.swift; path = AppDelegate.swift; sourceTree = "<group>"; };
		D2D086641E565B5100C41D71 /* ViewController.swift */ = {isa = PBXFileReference; lastKnownFileType = sourcecode.swift; path = ViewController.swift; sourceTree = "<group>"; };
		D2D086671E565B5100C41D71 /* Base */ = {isa = PBXFileReference; lastKnownFileType = file.storyboard; name = Base; path = Base.lproj/Main.storyboard; sourceTree = "<group>"; };
		D2D086691E565B5100C41D71 /* Assets.xcassets */ = {isa = PBXFileReference; lastKnownFileType = folder.assetcatalog; path = Assets.xcassets; sourceTree = "<group>"; };
		D2D0866C1E565B5100C41D71 /* Base */ = {isa = PBXFileReference; lastKnownFileType = file.storyboard; name = Base; path = Base.lproj/LaunchScreen.storyboard; sourceTree = "<group>"; };
		D2D0866E1E565B5100C41D71 /* Info.plist */ = {isa = PBXFileReference; lastKnownFileType = text.plist.xml; path = Info.plist; sourceTree = "<group>"; };
		D2D086731E565B5100C41D71 /* HelloMetalTests.xctest */ = {isa = PBXFileReference; explicitFileType = wrapper.cfbundle; includeInIndex = 0; path = HelloMetalTests.xctest; sourceTree = BUILT_PRODUCTS_DIR; };
		D2D086771E565B5100C41D71 /* HelloMetalTests.swift */ = {isa = PBXFileReference; lastKnownFileType = sourcecode.swift; path = HelloMetalTests.swift; sourceTree = "<group>"; };
		D2D086791E565B5100C41D71 /* Info.plist */ = {isa = PBXFileReference; lastKnownFileType = text.plist.xml; path = Info.plist; sourceTree = "<group>"; };
		D2D0867E1E565B5100C41D71 /* HelloMetalUITests.xctest */ = {isa = PBXFileReference; explicitFileType = wrapper.cfbundle; includeInIndex = 0; path = HelloMetalUITests.xctest; sourceTree = BUILT_PRODUCTS_DIR; };
		D2D086821E565B5100C41D71 /* HelloMetalUITests.swift */ = {isa = PBXFileReference; lastKnownFileType = sourcecode.swift; path = HelloMetalUITests.swift; sourceTree = "<group>"; };
		D2D086841E565B5100C41D71 /* Info.plist */ = {isa = PBXFileReference; lastKnownFileType = text.plist.xml; path = Info.plist; sourceTree = "<group>"; };
		D2D086911E565E3500C41D71 /* QuartzCore.framework */ = {isa = PBXFileReference; lastKnownFileType = wrapper.framework; name = QuartzCore.framework; path = System/Library/Frameworks/QuartzCore.framework; sourceTree = SDKROOT; };
		D2D086931E56605E00C41D71 /* Shaders.metal */ = {isa = PBXFileReference; fileEncoding = 4; lastKnownFileType = sourcecode.metal; path = Shaders.metal; sourceTree = "<group>"; };
		D2D086951E56666900C41D71 /* HelloMetal-Bridging-Header.h */ = {isa = PBXFileReference; lastKnownFileType = sourcecode.c.h; path = "HelloMetal-Bridging-Header.h"; sourceTree = "<group>"; };
		D2D086961E56666A00C41D71 /* Matrix4.h */ = {isa = PBXFileReference; fileEncoding = 4; lastKnownFileType = sourcecode.c.h; path = Matrix4.h; sourceTree = "<group>"; };
		D2D086971E56666A00C41D71 /* Matrix4.m */ = {isa = PBXFileReference; fileEncoding = 4; lastKnownFileType = sourcecode.c.objc; path = Matrix4.m; sourceTree = "<group>"; };
		D2D086991E5666B100C41D71 /* Vertex.swift */ = {isa = PBXFileReference; fileEncoding = 4; lastKnownFileType = sourcecode.swift; path = Vertex.swift; sourceTree = "<group>"; };
		D2D0869B1E5666C700C41D71 /* Node.swift */ = {isa = PBXFileReference; fileEncoding = 4; lastKnownFileType = sourcecode.swift; path = Node.swift; sourceTree = "<group>"; };
		D2D0869D1E5667D600C41D71 /* Triangle.swift */ = {isa = PBXFileReference; fileEncoding = 4; lastKnownFileType = sourcecode.swift; path = Triangle.swift; sourceTree = "<group>"; };
		D2D0869F1E566A4700C41D71 /* Cube.swift */ = {isa = PBXFileReference; fileEncoding = 4; lastKnownFileType = sourcecode.swift; path = Cube.swift; sourceTree = "<group>"; };
		D2D086A11E56722700C41D71 /* AnimatedNode.swift */ = {isa = PBXFileReference; fileEncoding = 4; lastKnownFileType = sourcecode.swift; path = AnimatedNode.swift; sourceTree = "<group>"; };
/* End PBXFileReference section */

/* Begin PBXFrameworksBuildPhase section */
		D2D0865C1E565B5100C41D71 /* Frameworks */ = {
			isa = PBXFrameworksBuildPhase;
			buildActionMask = 2147483647;
			files = (
			);
			runOnlyForDeploymentPostprocessing = 0;
		};
		D2D086701E565B5100C41D71 /* Frameworks */ = {
			isa = PBXFrameworksBuildPhase;
			buildActionMask = 2147483647;
			files = (
			);
			runOnlyForDeploymentPostprocessing = 0;
		};
		D2D0867B1E565B5100C41D71 /* Frameworks */ = {
			isa = PBXFrameworksBuildPhase;
			buildActionMask = 2147483647;
			files = (
			);
			runOnlyForDeploymentPostprocessing = 0;
		};
/* End PBXFrameworksBuildPhase section */

/* Begin PBXGroup section */
		D2D086561E565B5100C41D71 = {
			isa = PBXGroup;
			children = (
				D2D086611E565B5100C41D71 /* HelloMetal */,
				D2D086761E565B5100C41D71 /* HelloMetalTests */,
				D2D086811E565B5100C41D71 /* HelloMetalUITests */,
				D2D086601E565B5100C41D71 /* Products */,
				D2D086901E565E3500C41D71 /* Frameworks */,
			);
			sourceTree = "<group>";
		};
		D2D086601E565B5100C41D71 /* Products */ = {
			isa = PBXGroup;
			children = (
				D2D0865F1E565B5100C41D71 /* HelloMetal.app */,
				D2D086731E565B5100C41D71 /* HelloMetalTests.xctest */,
				D2D0867E1E565B5100C41D71 /* HelloMetalUITests.xctest */,
			);
			name = Products;
			sourceTree = "<group>";
		};
		D2D086611E565B5100C41D71 /* HelloMetal */ = {
			isa = PBXGroup;
			children = (
				D2D086621E565B5100C41D71 /* AppDelegate.swift */,
				D2D086641E565B5100C41D71 /* ViewController.swift */,
				D2D0869F1E566A4700C41D71 /* Cube.swift */,
				D2D086661E565B5100C41D71 /* Main.storyboard */,
				D2D086691E565B5100C41D71 /* Assets.xcassets */,
				D2D0866B1E565B5100C41D71 /* LaunchScreen.storyboard */,
				D2D0866E1E565B5100C41D71 /* Info.plist */,
				D2D086961E56666A00C41D71 /* Matrix4.h */,
				D2D086971E56666A00C41D71 /* Matrix4.m */,
				D2D086951E56666900C41D71 /* HelloMetal-Bridging-Header.h */,
				D2D086991E5666B100C41D71 /* Vertex.swift */,
				D2D0869B1E5666C700C41D71 /* Node.swift */,
				D2D086A11E56722700C41D71 /* AnimatedNode.swift */,
				D2D0869D1E5667D600C41D71 /* Triangle.swift */,
				D2D086931E56605E00C41D71 /* Shaders.metal */,
			);
			path = HelloMetal;
			sourceTree = "<group>";
		};
		D2D086761E565B5100C41D71 /* HelloMetalTests */ = {
			isa = PBXGroup;
			children = (
				D2D086771E565B5100C41D71 /* HelloMetalTests.swift */,
				D2D086791E565B5100C41D71 /* Info.plist */,
			);
			path = HelloMetalTests;
			sourceTree = "<group>";
		};
		D2D086811E565B5100C41D71 /* HelloMetalUITests */ = {
			isa = PBXGroup;
			children = (
				D2D086821E565B5100C41D71 /* HelloMetalUITests.swift */,
				D2D086841E565B5100C41D71 /* Info.plist */,
			);
			path = HelloMetalUITests;
			sourceTree = "<group>";
		};
		D2D086901E565E3500C41D71 /* Frameworks */ = {
			isa = PBXGroup;
			children = (
				D2D086911E565E3500C41D71 /* QuartzCore.framework */,
			);
			name = Frameworks;
			sourceTree = "<group>";
		};
/* End PBXGroup section */

/* Begin PBXNativeTarget section */
		D2D0865E1E565B5100C41D71 /* HelloMetal */ = {
			isa = PBXNativeTarget;
			buildConfigurationList = D2D086871E565B5100C41D71 /* Build configuration list for PBXNativeTarget "HelloMetal" */;
			buildPhases = (
				D2D0865B1E565B5100C41D71 /* Sources */,
				D2D0865C1E565B5100C41D71 /* Frameworks */,
				D2D0865D1E565B5100C41D71 /* Resources */,
			);
			buildRules = (
			);
			dependencies = (
			);
			name = HelloMetal;
			productName = HelloMetal;
			productReference = D2D0865F1E565B5100C41D71 /* HelloMetal.app */;
			productType = "com.apple.product-type.application";
		};
		D2D086721E565B5100C41D71 /* HelloMetalTests */ = {
			isa = PBXNativeTarget;
			buildConfigurationList = D2D0868A1E565B5100C41D71 /* Build configuration list for PBXNativeTarget "HelloMetalTests" */;
			buildPhases = (
				D2D0866F1E565B5100C41D71 /* Sources */,
				D2D086701E565B5100C41D71 /* Frameworks */,
				D2D086711E565B5100C41D71 /* Resources */,
			);
			buildRules = (
			);
			dependencies = (
				D2D086751E565B5100C41D71 /* PBXTargetDependency */,
			);
			name = HelloMetalTests;
			productName = HelloMetalTests;
			productReference = D2D086731E565B5100C41D71 /* HelloMetalTests.xctest */;
			productType = "com.apple.product-type.bundle.unit-test";
		};
		D2D0867D1E565B5100C41D71 /* HelloMetalUITests */ = {
			isa = PBXNativeTarget;
			buildConfigurationList = D2D0868D1E565B5100C41D71 /* Build configuration list for PBXNativeTarget "HelloMetalUITests" */;
			buildPhases = (
				D2D0867A1E565B5100C41D71 /* Sources */,
				D2D0867B1E565B5100C41D71 /* Frameworks */,
				D2D0867C1E565B5100C41D71 /* Resources */,
			);
			buildRules = (
			);
			dependencies = (
				D2D086801E565B5100C41D71 /* PBXTargetDependency */,
			);
			name = HelloMetalUITests;
			productName = HelloMetalUITests;
			productReference = D2D0867E1E565B5100C41D71 /* HelloMetalUITests.xctest */;
			productType = "com.apple.product-type.bundle.ui-testing";
		};
/* End PBXNativeTarget section */

/* Begin PBXProject section */
		D2D086571E565B5100C41D71 /* Project object */ = {
			isa = PBXProject;
			attributes = {
				LastSwiftUpdateCheck = 0820;
				LastUpgradeCheck = 0820;
				ORGANIZATIONNAME = ScottDelly;
				TargetAttributes = {
					D2D0865E1E565B5100C41D71 = {
						CreatedOnToolsVersion = 8.2.1;
						DevelopmentTeam = B6F4JCJJ4W;
						LastSwiftMigration = 0820;
						ProvisioningStyle = Automatic;
					};
					D2D086721E565B5100C41D71 = {
						CreatedOnToolsVersion = 8.2.1;
						DevelopmentTeam = B6F4JCJJ4W;
						ProvisioningStyle = Automatic;
						TestTargetID = D2D0865E1E565B5100C41D71;
					};
					D2D0867D1E565B5100C41D71 = {
						CreatedOnToolsVersion = 8.2.1;
						DevelopmentTeam = B6F4JCJJ4W;
						ProvisioningStyle = Automatic;
						TestTargetID = D2D0865E1E565B5100C41D71;
					};
				};
			};
			buildConfigurationList = D2D0865A1E565B5100C41D71 /* Build configuration list for PBXProject "HelloMetal" */;
			compatibilityVersion = "Xcode 3.2";
			developmentRegion = English;
			hasScannedForEncodings = 0;
			knownRegions = (
				en,
				Base,
			);
			mainGroup = D2D086561E565B5100C41D71;
			productRefGroup = D2D086601E565B5100C41D71 /* Products */;
			projectDirPath = "";
			projectRoot = "";
			targets = (
				D2D0865E1E565B5100C41D71 /* HelloMetal */,
				D2D086721E565B5100C41D71 /* HelloMetalTests */,
				D2D0867D1E565B5100C41D71 /* HelloMetalUITests */,
			);
		};
/* End PBXProject section */

/* Begin PBXResourcesBuildPhase section */
		D2D0865D1E565B5100C41D71 /* Resources */ = {
			isa = PBXResourcesBuildPhase;
			buildActionMask = 2147483647;
			files = (
				D2D0866D1E565B5100C41D71 /* LaunchScreen.storyboard in Resources */,
				D2D0866A1E565B5100C41D71 /* Assets.xcassets in Resources */,
				D2D086681E565B5100C41D71 /* Main.storyboard in Resources */,
			);
			runOnlyForDeploymentPostprocessing = 0;
		};
		D2D086711E565B5100C41D71 /* Resources */ = {
			isa = PBXResourcesBuildPhase;
			buildActionMask = 2147483647;
			files = (
			);
			runOnlyForDeploymentPostprocessing = 0;
		};
		D2D0867C1E565B5100C41D71 /* Resources */ = {
			isa = PBXResourcesBuildPhase;
			buildActionMask = 2147483647;
			files = (
			);
			runOnlyForDeploymentPostprocessing = 0;
		};
/* End PBXResourcesBuildPhase section */

/* Begin PBXSourcesBuildPhase section */
		D2D0865B1E565B5100C41D71 /* Sources */ = {
			isa = PBXSourcesBuildPhase;
			buildActionMask = 2147483647;
			files = (
				D2D086941E56605E00C41D71 /* Shaders.metal in Sources */,
				D2D086981E56666A00C41D71 /* Matrix4.m in Sources */,
				D2D086A21E56722700C41D71 /* AnimatedNode.swift in Sources */,
				D2D086651E565B5100C41D71 /* ViewController.swift in Sources */,
				D2D0869C1E5666C700C41D71 /* Node.swift in Sources */,
				D2D086A01E566A4700C41D71 /* Cube.swift in Sources */,
				D2D0869A1E5666B100C41D71 /* Vertex.swift in Sources */,
				D2D0869E1E5667D600C41D71 /* Triangle.swift in Sources */,
				D2D086631E565B5100C41D71 /* AppDelegate.swift in Sources */,
			);
			runOnlyForDeploymentPostprocessing = 0;
		};
		D2D0866F1E565B5100C41D71 /* Sources */ = {
			isa = PBXSourcesBuildPhase;
			buildActionMask = 2147483647;
			files = (
				D2D086781E565B5100C41D71 /* HelloMetalTests.swift in Sources */,
			);
			runOnlyForDeploymentPostprocessing = 0;
		};
		D2D0867A1E565B5100C41D71 /* Sources */ = {
			isa = PBXSourcesBuildPhase;
			buildActionMask = 2147483647;
			files = (
				D2D086831E565B5100C41D71 /* HelloMetalUITests.swift in Sources */,
			);
			runOnlyForDeploymentPostprocessing = 0;
		};
/* End PBXSourcesBuildPhase section */

/* Begin PBXTargetDependency section */
		D2D086751E565B5100C41D71 /* PBXTargetDependency */ = {
			isa = PBXTargetDependency;
			target = D2D0865E1E565B5100C41D71 /* HelloMetal */;
			targetProxy = D2D086741E565B5100C41D71 /* PBXContainerItemProxy */;
		};
		D2D086801E565B5100C41D71 /* PBXTargetDependency */ = {
			isa = PBXTargetDependency;
			target = D2D0865E1E565B5100C41D71 /* HelloMetal */;
			targetProxy = D2D0867F1E565B5100C41D71 /* PBXContainerItemProxy */;
		};
/* End PBXTargetDependency section */

/* Begin PBXVariantGroup section */
		D2D086661E565B5100C41D71 /* Main.storyboard */ = {
			isa = PBXVariantGroup;
			children = (
				D2D086671E565B5100C41D71 /* Base */,
			);
			name = Main.storyboard;
			sourceTree = "<group>";
		};
		D2D0866B1E565B5100C41D71 /* LaunchScreen.storyboard */ = {
			isa = PBXVariantGroup;
			children = (
				D2D0866C1E565B5100C41D71 /* Base */,
			);
			name = LaunchScreen.storyboard;
			sourceTree = "<group>";
		};
/* End PBXVariantGroup section */

/* Begin XCBuildConfiguration section */
		D2D086851E565B5100C41D71 /* Debug */ = {
			isa = XCBuildConfiguration;
			buildSettings = {
				ALWAYS_SEARCH_USER_PATHS = NO;
				CLANG_ANALYZER_NONNULL = YES;
				CLANG_CXX_LANGUAGE_STANDARD = "gnu++0x";
				CLANG_CXX_LIBRARY = "libc++";
				CLANG_ENABLE_MODULES = YES;
				CLANG_ENABLE_OBJC_ARC = YES;
				CLANG_WARN_BOOL_CONVERSION = YES;
				CLANG_WARN_CONSTANT_CONVERSION = YES;
				CLANG_WARN_DIRECT_OBJC_ISA_USAGE = YES_ERROR;
				CLANG_WARN_DOCUMENTATION_COMMENTS = YES;
				CLANG_WARN_EMPTY_BODY = YES;
				CLANG_WARN_ENUM_CONVERSION = YES;
				CLANG_WARN_INFINITE_RECURSION = YES;
				CLANG_WARN_INT_CONVERSION = YES;
				CLANG_WARN_OBJC_ROOT_CLASS = YES_ERROR;
				CLANG_WARN_SUSPICIOUS_MOVE = YES;
				CLANG_WARN_UNREACHABLE_CODE = YES;
				CLANG_WARN__DUPLICATE_METHOD_MATCH = YES;
				"CODE_SIGN_IDENTITY[sdk=iphoneos*]" = "iPhone Developer";
				COPY_PHASE_STRIP = NO;
				DEBUG_INFORMATION_FORMAT = dwarf;
				ENABLE_STRICT_OBJC_MSGSEND = YES;
				ENABLE_TESTABILITY = YES;
				GCC_C_LANGUAGE_STANDARD = gnu99;
				GCC_DYNAMIC_NO_PIC = NO;
				GCC_NO_COMMON_BLOCKS = YES;
				GCC_OPTIMIZATION_LEVEL = 0;
				GCC_PREPROCESSOR_DEFINITIONS = (
					"DEBUG=1",
					"$(inherited)",
				);
				GCC_WARN_64_TO_32_BIT_CONVERSION = YES;
				GCC_WARN_ABOUT_RETURN_TYPE = YES_ERROR;
				GCC_WARN_UNDECLARED_SELECTOR = YES;
				GCC_WARN_UNINITIALIZED_AUTOS = YES_AGGRESSIVE;
				GCC_WARN_UNUSED_FUNCTION = YES;
				GCC_WARN_UNUSED_VARIABLE = YES;
				IPHONEOS_DEPLOYMENT_TARGET = 10.2;
				MTL_ENABLE_DEBUG_INFO = YES;
				ONLY_ACTIVE_ARCH = YES;
				SDKROOT = iphoneos;
				SWIFT_ACTIVE_COMPILATION_CONDITIONS = DEBUG;
				SWIFT_OPTIMIZATION_LEVEL = "-Onone";
				TARGETED_DEVICE_FAMILY = "1,2";
			};
			name = Debug;
		};
		D2D086861E565B5100C41D71 /* Release */ = {
			isa = XCBuildConfiguration;
			buildSettings = {
				ALWAYS_SEARCH_USER_PATHS = NO;
				CLANG_ANALYZER_NONNULL = YES;
				CLANG_CXX_LANGUAGE_STANDARD = "gnu++0x";
				CLANG_CXX_LIBRARY = "libc++";
				CLANG_ENABLE_MODULES = YES;
				CLANG_ENABLE_OBJC_ARC = YES;
				CLANG_WARN_BOOL_CONVERSION = YES;
				CLANG_WARN_CONSTANT_CONVERSION = YES;
				CLANG_WARN_DIRECT_OBJC_ISA_USAGE = YES_ERROR;
				CLANG_WARN_DOCUMENTATION_COMMENTS = YES;
				CLANG_WARN_EMPTY_BODY = YES;
				CLANG_WARN_ENUM_CONVERSION = YES;
				CLANG_WARN_INFINITE_RECURSION = YES;
				CLANG_WARN_INT_CONVERSION = YES;
				CLANG_WARN_OBJC_ROOT_CLASS = YES_ERROR;
				CLANG_WARN_SUSPICIOUS_MOVE = YES;
				CLANG_WARN_UNREACHABLE_CODE = YES;
				CLANG_WARN__DUPLICATE_METHOD_MATCH = YES;
				"CODE_SIGN_IDENTITY[sdk=iphoneos*]" = "iPhone Developer";
				COPY_PHASE_STRIP = NO;
				DEBUG_INFORMATION_FORMAT = "dwarf-with-dsym";
				ENABLE_NS_ASSERTIONS = NO;
				ENABLE_STRICT_OBJC_MSGSEND = YES;
				GCC_C_LANGUAGE_STANDARD = gnu99;
				GCC_NO_COMMON_BLOCKS = YES;
				GCC_WARN_64_TO_32_BIT_CONVERSION = YES;
				GCC_WARN_ABOUT_RETURN_TYPE = YES_ERROR;
				GCC_WARN_UNDECLARED_SELECTOR = YES;
				GCC_WARN_UNINITIALIZED_AUTOS = YES_AGGRESSIVE;
				GCC_WARN_UNUSED_FUNCTION = YES;
				GCC_WARN_UNUSED_VARIABLE = YES;
				IPHONEOS_DEPLOYMENT_TARGET = 10.2;
				MTL_ENABLE_DEBUG_INFO = NO;
				SDKROOT = iphoneos;
				SWIFT_OPTIMIZATION_LEVEL = "-Owholemodule";
				TARGETED_DEVICE_FAMILY = "1,2";
				VALIDATE_PRODUCT = YES;
			};
			name = Release;
		};
		D2D086881E565B5100C41D71 /* Debug */ = {
			isa = XCBuildConfiguration;
			buildSettings = {
				ASSETCATALOG_COMPILER_APPICON_NAME = AppIcon;
				CLANG_ENABLE_MODULES = YES;
				DEVELOPMENT_TEAM = B6F4JCJJ4W;
				INFOPLIST_FILE = HelloMetal/Info.plist;
				LD_RUNPATH_SEARCH_PATHS = "$(inherited) @executable_path/Frameworks";
				PRODUCT_BUNDLE_IDENTIFIER = org.scottdelly.HelloMetal;
				PRODUCT_NAME = "$(TARGET_NAME)";
				SWIFT_OBJC_BRIDGING_HEADER = "HelloMetal/HelloMetal-Bridging-Header.h";
				SWIFT_OPTIMIZATION_LEVEL = "-Onone";
				SWIFT_VERSION = 3.0;
			};
			name = Debug;
		};
		D2D086891E565B5100C41D71 /* Release */ = {
			isa = XCBuildConfiguration;
			buildSettings = {
				ASSETCATALOG_COMPILER_APPICON_NAME = AppIcon;
				CLANG_ENABLE_MODULES = YES;
				DEVELOPMENT_TEAM = B6F4JCJJ4W;
				INFOPLIST_FILE = HelloMetal/Info.plist;
				LD_RUNPATH_SEARCH_PATHS = "$(inherited) @executable_path/Frameworks";
				PRODUCT_BUNDLE_IDENTIFIER = org.scottdelly.HelloMetal;
				PRODUCT_NAME = "$(TARGET_NAME)";
				SWIFT_OBJC_BRIDGING_HEADER = "HelloMetal/HelloMetal-Bridging-Header.h";
				SWIFT_VERSION = 3.0;
			};
			name = Release;
		};
		D2D0868B1E565B5100C41D71 /* Debug */ = {
			isa = XCBuildConfiguration;
			buildSettings = {
				ALWAYS_EMBED_SWIFT_STANDARD_LIBRARIES = YES;
				BUNDLE_LOADER = "$(TEST_HOST)";
				DEVELOPMENT_TEAM = B6F4JCJJ4W;
				INFOPLIST_FILE = HelloMetalTests/Info.plist;
				LD_RUNPATH_SEARCH_PATHS = "$(inherited) @executable_path/Frameworks @loader_path/Frameworks";
				PRODUCT_BUNDLE_IDENTIFIER = org.scottdelly.HelloMetalTests;
				PRODUCT_NAME = "$(TARGET_NAME)";
				SWIFT_VERSION = 3.0;
				TEST_HOST = "$(BUILT_PRODUCTS_DIR)/HelloMetal.app/HelloMetal";
			};
			name = Debug;
		};
		D2D0868C1E565B5100C41D71 /* Release */ = {
			isa = XCBuildConfiguration;
			buildSettings = {
				ALWAYS_EMBED_SWIFT_STANDARD_LIBRARIES = YES;
				BUNDLE_LOADER = "$(TEST_HOST)";
				DEVELOPMENT_TEAM = B6F4JCJJ4W;
				INFOPLIST_FILE = HelloMetalTests/Info.plist;
				LD_RUNPATH_SEARCH_PATHS = "$(inherited) @executable_path/Frameworks @loader_path/Frameworks";
				PRODUCT_BUNDLE_IDENTIFIER = org.scottdelly.HelloMetalTests;
				PRODUCT_NAME = "$(TARGET_NAME)";
				SWIFT_VERSION = 3.0;
				TEST_HOST = "$(BUILT_PRODUCTS_DIR)/HelloMetal.app/HelloMetal";
			};
			name = Release;
		};
		D2D0868E1E565B5100C41D71 /* Debug */ = {
			isa = XCBuildConfiguration;
			buildSettings = {
				ALWAYS_EMBED_SWIFT_STANDARD_LIBRARIES = YES;
				DEVELOPMENT_TEAM = B6F4JCJJ4W;
				INFOPLIST_FILE = HelloMetalUITests/Info.plist;
				LD_RUNPATH_SEARCH_PATHS = "$(inherited) @executable_path/Frameworks @loader_path/Frameworks";
				PRODUCT_BUNDLE_IDENTIFIER = org.scottdelly.HelloMetalUITests;
				PRODUCT_NAME = "$(TARGET_NAME)";
				SWIFT_VERSION = 3.0;
				TEST_TARGET_NAME = HelloMetal;
			};
			name = Debug;
		};
		D2D0868F1E565B5100C41D71 /* Release */ = {
			isa = XCBuildConfiguration;
			buildSettings = {
				ALWAYS_EMBED_SWIFT_STANDARD_LIBRARIES = YES;
				DEVELOPMENT_TEAM = B6F4JCJJ4W;
				INFOPLIST_FILE = HelloMetalUITests/Info.plist;
				LD_RUNPATH_SEARCH_PATHS = "$(inherited) @executable_path/Frameworks @loader_path/Frameworks";
				PRODUCT_BUNDLE_IDENTIFIER = org.scottdelly.HelloMetalUITests;
				PRODUCT_NAME = "$(TARGET_NAME)";
				SWIFT_VERSION = 3.0;
				TEST_TARGET_NAME = HelloMetal;
			};
			name = Release;
		};
/* End XCBuildConfiguration section */

/* Begin XCConfigurationList section */
		D2D0865A1E565B5100C41D71 /* Build configuration list for PBXProject "HelloMetal" */ = {
			isa = XCConfigurationList;
			buildConfigurations = (
				D2D086851E565B5100C41D71 /* Debug */,
				D2D086861E565B5100C41D71 /* Release */,
			);
			defaultConfigurationIsVisible = 0;
			defaultConfigurationName = Release;
		};
		D2D086871E565B5100C41D71 /* Build configuration list for PBXNativeTarget "HelloMetal" */ = {
			isa = XCConfigurationList;
			buildConfigurations = (
				D2D086881E565B5100C41D71 /* Debug */,
				D2D086891E565B5100C41D71 /* Release */,
			);
			defaultConfigurationIsVisible = 0;
		};
		D2D0868A1E565B5100C41D71 /* Build configuration list for PBXNativeTarget "HelloMetalTests" */ = {
			isa = XCConfigurationList;
			buildConfigurations = (
				D2D0868B1E565B5100C41D71 /* Debug */,
				D2D0868C1E565B5100C41D71 /* Release */,
			);
			defaultConfigurationIsVisible = 0;
		};
		D2D0868D1E565B5100C41D71 /* Build configuration list for PBXNativeTarget "HelloMetalUITests" */ = {
			isa = XCConfigurationList;
			buildConfigurations = (
				D2D0868E1E565B5100C41D71 /* Debug */,
				D2D0868F1E565B5100C41D71 /* Release */,
			);
			defaultConfigurationIsVisible = 0;
		};
/* End XCConfigurationList section */
	};
	rootObject = D2D086571E565B5100C41D71 /* Project object */;
}
